
Microsoft Visual Studio Solution File, Format Version 12.00
# Visual Studio Version 17
VisualStudioVersion = 17.14.36414.22 d17.14
MinimumVisualStudioVersion = 10.0.40219.1
Project("{FAE04EC0-301F-11D3-BF4B-00C04F79EFBC}") = "Drugstore", "Drugstore.csproj", "{4374BDC8-E1EC-4AD5-854C-D2D338CF9954}"
EndProject
Global
	GlobalSection(SolutionConfigurationPlatforms) = preSolution
		Debug|Any CPU = Debug|Any CPU
		Release|Any CPU = Release|Any CPU
	EndGlobalSection
	GlobalSection(ProjectConfigurationPlatforms) = postSolution
		{4374BDC8-E1EC-4AD5-854C-D2D338CF9954}.Debug|Any CPU.ActiveCfg = Debug|Any CPU
		{4374BDC8-E1EC-4AD5-854C-D2D338CF9954}.Debug|Any CPU.Build.0 = Debug|Any CPU
		{4374BDC8-E1EC-4AD5-854C-D2D338CF9954}.Release|Any CPU.ActiveCfg = Release|Any CPU
		{4374BDC8-E1EC-4AD5-854C-D2D338CF9954}.Release|Any CPU.Build.0 = Release|Any CPU
	EndGlobalSection
	GlobalSection(SolutionProperties) = preSolution
		HideSolutionNode = FALSE
	EndGlobalSection
	GlobalSection(ExtensibilityGlobals) = postSolution
		SolutionGuid = {BEAE0B0A-B8F2-4EF7-8048-BFD570088388}
	EndGlobalSection
EndGlobal
